
Microsoft Visual Studio Solution File, Format Version 12.00
# Visual Studio Version 17
VisualStudioVersion = 17.1.32328.378
MinimumVisualStudioVersion = 10.0.40219.1
Project("{FAE04EC0-301F-11D3-BF4B-00C04F79EFBC}") = "Semana_3_Salas_Christian.Android", "Semana_3_Salas_Christian.Android\Semana_3_Salas_Christian.Android.csproj", "{D1029BA9-2DD7-4D0C-9083-B5E22A7FA411}"
EndProject
Project("{FAE04EC0-301F-11D3-BF4B-00C04F79EFBC}") = "Semana_3_Salas_Christian.iOS", "Semana_3_Salas_Christian.iOS\Semana_3_Salas_Christian.iOS.csproj", "{CA77F9C3-A881-4A76-B158-C65DB4BF863B}"
EndProject
Project("{FAE04EC0-301F-11D3-BF4B-00C04F79EFBC}") = "Semana_3_Salas_Christian", "Semana_3_Salas_Christian\Semana_3_Salas_Christian.csproj", "{C5A27CDB-E71C-47AB-86C8-8838E2F34955}"
EndProject
Global
	GlobalSection(SolutionConfigurationPlatforms) = preSolution
		Debug|Any CPU = Debug|Any CPU
		Debug|iPhone = Debug|iPhone
		Debug|iPhoneSimulator = Debug|iPhoneSimulator
		Release|Any CPU = Release|Any CPU
		Release|iPhone = Release|iPhone
		Release|iPhoneSimulator = Release|iPhoneSimulator
	EndGlobalSection
	GlobalSection(ProjectConfigurationPlatforms) = postSolution
		{D1029BA9-2DD7-4D0C-9083-B5E22A7FA411}.Debug|Any CPU.ActiveCfg = Debug|Any CPU
		{D1029BA9-2DD7-4D0C-9083-B5E22A7FA411}.Debug|Any CPU.Build.0 = Debug|Any CPU
		{D1029BA9-2DD7-4D0C-9083-B5E22A7FA411}.Debug|Any CPU.Deploy.0 = Debug|Any CPU
		{D1029BA9-2DD7-4D0C-9083-B5E22A7FA411}.Debug|iPhone.ActiveCfg = Debug|Any CPU
		{D1029BA9-2DD7-4D0C-9083-B5E22A7FA411}.Debug|iPhone.Build.0 = Debug|Any CPU
		{D1029BA9-2DD7-4D0C-9083-B5E22A7FA411}.Debug|iPhone.Deploy.0 = Debug|Any CPU
		{D1029BA9-2DD7-4D0C-9083-B5E22A7FA411}.Debug|iPhoneSimulator.ActiveCfg = Debug|Any CPU
		{D1029BA9-2DD7-4D0C-9083-B5E22A7FA411}.Debug|iPhoneSimulator.Build.0 = Debug|Any CPU
		{D1029BA9-2DD7-4D0C-9083-B5E22A7FA411}.Debug|iPhoneSimulator.Deploy.0 = Debug|Any CPU
		{D1029BA9-2DD7-4D0C-9083-B5E22A7FA411}.Release|Any CPU.ActiveCfg = Release|Any CPU
		{D1029BA9-2DD7-4D0C-9083-B5E22A7FA411}.Release|Any CPU.Build.0 = Release|Any CPU
		{D1029BA9-2DD7-4D0C-9083-B5E22A7FA411}.Release|Any CPU.Deploy.0 = Release|Any CPU
		{D1029BA9-2DD7-4D0C-9083-B5E22A7FA411}.Release|iPhone.ActiveCfg = Release|Any CPU
		{D1029BA9-2DD7-4D0C-9083-B5E22A7FA411}.Release|iPhone.Build.0 = Release|Any CPU
		{D1029BA9-2DD7-4D0C-9083-B5E22A7FA411}.Release|iPhone.Deploy.0 = Release|Any CPU
		{D1029BA9-2DD7-4D0C-9083-B5E22A7FA411}.Release|iPhoneSimulator.ActiveCfg = Release|Any CPU
		{D1029BA9-2DD7-4D0C-9083-B5E22A7FA411}.Release|iPhoneSimulator.Build.0 = Release|Any CPU
		{D1029BA9-2DD7-4D0C-9083-B5E22A7FA411}.Release|iPhoneSimulator.Deploy.0 = Release|Any CPU
		{CA77F9C3-A881-4A76-B158-C65DB4BF863B}.Debug|Any CPU.ActiveCfg = Debug|iPhone
		{CA77F9C3-A881-4A76-B158-C65DB4BF863B}.Debug|Any CPU.Build.0 = Debug|iPhone
		{CA77F9C3-A881-4A76-B158-C65DB4BF863B}.Debug|Any CPU.Deploy.0 = Debug|iPhone
		{CA77F9C3-A881-4A76-B158-C65DB4BF863B}.Debug|iPhone.ActiveCfg = Debug|iPhone
		{CA77F9C3-A881-4A76-B158-C65DB4BF863B}.Debug|iPhone.Build.0 = Debug|iPhone
		{CA77F9C3-A881-4A76-B158-C65DB4BF863B}.Debug|iPhone.Deploy.0 = Debug|iPhone
		{CA77F9C3-A881-4A76-B158-C65DB4BF863B}.Debug|iPhoneSimulator.ActiveCfg = Debug|iPhoneSimulator
		{CA77F9C3-A881-4A76-B158-C65DB4BF863B}.Debug|iPhoneSimulator.Build.0 = Debug|iPhoneSimulator
		{CA77F9C3-A881-4A76-B158-C65DB4BF863B}.Debug|iPhoneSimulator.Deploy.0 = Debug|iPhoneSimulator
		{CA77F9C3-A881-4A76-B158-C65DB4BF863B}.Release|Any CPU.ActiveCfg = Release|iPhoneSimulator
		{CA77F9C3-A881-4A76-B158-C65DB4BF863B}.Release|Any CPU.Build.0 = Release|iPhoneSimulator
		{CA77F9C3-A881-4A76-B158-C65DB4BF863B}.Release|Any CPU.Deploy.0 = Release|iPhoneSimulator
		{CA77F9C3-A881-4A76-B158-C65DB4BF863B}.Release|iPhone.ActiveCfg = Release|iPhone
		{CA77F9C3-A881-4A76-B158-C65DB4BF863B}.Release|iPhone.Build.0 = Release|iPhone
		{CA77F9C3-A881-4A76-B158-C65DB4BF863B}.Release|iPhone.Deploy.0 = Release|iPhone
		{CA77F9C3-A881-4A76-B158-C65DB4BF863B}.Release|iPhoneSimulator.ActiveCfg = Release|iPhoneSimulator
		{CA77F9C3-A881-4A76-B158-C65DB4BF863B}.Release|iPhoneSimulator.Build.0 = Release|iPhoneSimulator
		{CA77F9C3-A881-4A76-B158-C65DB4BF863B}.Release|iPhoneSimulator.Deploy.0 = Release|iPhoneSimulator
		{C5A27CDB-E71C-47AB-86C8-8838E2F34955}.Debug|Any CPU.ActiveCfg = Debug|Any CPU
		{C5A27CDB-E71C-47AB-86C8-8838E2F34955}.Debug|Any CPU.Build.0 = Debug|Any CPU
		{C5A27CDB-E71C-47AB-86C8-8838E2F34955}.Debug|Any CPU.Deploy.0 = Debug|Any CPU
		{C5A27CDB-E71C-47AB-86C8-8838E2F34955}.Debug|iPhone.ActiveCfg = Debug|Any CPU
		{C5A27CDB-E71C-47AB-86C8-8838E2F34955}.Debug|iPhone.Build.0 = Debug|Any CPU
		{C5A27CDB-E71C-47AB-86C8-8838E2F34955}.Debug|iPhone.Deploy.0 = Debug|Any CPU
		{C5A27CDB-E71C-47AB-86C8-8838E2F34955}.Debug|iPhoneSimulator.ActiveCfg = Debug|Any CPU
		{C5A27CDB-E71C-47AB-86C8-8838E2F34955}.Debug|iPhoneSimulator.Build.0 = Debug|Any CPU
		{C5A27CDB-E71C-47AB-86C8-8838E2F34955}.Debug|iPhoneSimulator.Deploy.0 = Debug|Any CPU
		{C5A27CDB-E71C-47AB-86C8-8838E2F34955}.Release|Any CPU.ActiveCfg = Release|Any CPU
		{C5A27CDB-E71C-47AB-86C8-8838E2F34955}.Release|Any CPU.Build.0 = Release|Any CPU
		{C5A27CDB-E71C-47AB-86C8-8838E2F34955}.Release|Any CPU.Deploy.0 = Release|Any CPU
		{C5A27CDB-E71C-47AB-86C8-8838E2F34955}.Release|iPhone.ActiveCfg = Release|Any CPU
		{C5A27CDB-E71C-47AB-86C8-8838E2F34955}.Release|iPhone.Build.0 = Release|Any CPU
		{C5A27CDB-E71C-47AB-86C8-8838E2F34955}.Release|iPhone.Deploy.0 = Release|Any CPU
		{C5A27CDB-E71C-47AB-86C8-8838E2F34955}.Release|iPhoneSimulator.ActiveCfg = Release|Any CPU
		{C5A27CDB-E71C-47AB-86C8-8838E2F34955}.Release|iPhoneSimulator.Build.0 = Release|Any CPU
		{C5A27CDB-E71C-47AB-86C8-8838E2F34955}.Release|iPhoneSimulator.Deploy.0 = Release|Any CPU
	EndGlobalSection
	GlobalSection(SolutionProperties) = preSolution
		HideSolutionNode = FALSE
	EndGlobalSection
	GlobalSection(ExtensibilityGlobals) = postSolution
		SolutionGuid = {CB4924B1-28BC-46CA-94B1-0EC417DE4E65}
	EndGlobalSection
EndGlobal
